// !$*UTF8*$!
{
	archiveVersion = 1;
	classes = {
	};
	objectVersion = 52;
	objects = {

/* Begin PBXBuildFile section */
		B241049924320B4400C36DB9 /* SwiftFormat in Frameworks */ = {isa = PBXBuildFile; productRef = B241049824320B4400C36DB9 /* SwiftFormat */; };
		B241049B24320B4400C36DB9 /* SwiftFormatConfiguration in Frameworks */ = {isa = PBXBuildFile; productRef = B241049A24320B4400C36DB9 /* SwiftFormatConfiguration */; };
		B241049E24320CAE00C36DB9 /* lib_InternalSwiftSyntaxParser.dylib in Frameworks */ = {isa = PBXBuildFile; fileRef = B241049D24320CAE00C36DB9 /* lib_InternalSwiftSyntaxParser.dylib */; };
		B241049F24320CAE00C36DB9 /* lib_InternalSwiftSyntaxParser.dylib in Embed Libraries */ = {isa = PBXBuildFile; fileRef = B241049D24320CAE00C36DB9 /* lib_InternalSwiftSyntaxParser.dylib */; settings = {ATTRIBUTES = (CodeSignOnCopy, ); }; };
		B24104A324320D8F00C36DB9 /* Constants.swift in Sources */ = {isa = PBXBuildFile; fileRef = B24104A224320D8F00C36DB9 /* Constants.swift */; };
		B24104A62432127E00C36DB9 /* Config.swift in Sources */ = {isa = PBXBuildFile; fileRef = B24104A52432127E00C36DB9 /* Config.swift */; };
		B24104A92432157500C36DB9 /* SwiftFormatOutputStream.swift in Sources */ = {isa = PBXBuildFile; fileRef = B24104A82432157500C36DB9 /* SwiftFormatOutputStream.swift */; };
		B24104AB2432190A00C36DB9 /* AppIcon.swift in Sources */ = {isa = PBXBuildFile; fileRef = B24104AA2432190A00C36DB9 /* AppIcon.swift */; };
		B24992C12432402100BE4C9D /* Dictionary+JSON.swift in Sources */ = {isa = PBXBuildFile; fileRef = B24992C02432402100BE4C9D /* Dictionary+JSON.swift */; };
		B24992C32432408A00BE4C9D /* Data+JSON.swift in Sources */ = {isa = PBXBuildFile; fileRef = B24992C22432408A00BE4C9D /* Data+JSON.swift */; };
		B24992C5243240A100BE4C9D /* Array+JSON.swift in Sources */ = {isa = PBXBuildFile; fileRef = B24992C4243240A100BE4C9D /* Array+JSON.swift */; };
		B24C76D9243357090089E63C /* TabConfigurationViewCellDelegate.swift in Sources */ = {isa = PBXBuildFile; fileRef = B24C76D8243357090089E63C /* TabConfigurationViewCellDelegate.swift */; };
		B24C76DE243379FE0089E63C /* TabRulesViewCellDelegate.swift in Sources */ = {isa = PBXBuildFile; fileRef = B24C76DD243379FE0089E63C /* TabRulesViewCellDelegate.swift */; };
		B24C76E024337A2D0089E63C /* TabRulesViewCellSwitch.swift in Sources */ = {isa = PBXBuildFile; fileRef = B24C76DF24337A2D0089E63C /* TabRulesViewCellSwitch.swift */; };
		B26912162431ED5E00B3482B /* AppDelegate.swift in Sources */ = {isa = PBXBuildFile; fileRef = B26912152431ED5E00B3482B /* AppDelegate.swift */; };
		B26912182431ED5E00B3482B /* Assets.xcassets in Resources */ = {isa = PBXBuildFile; fileRef = B26912172431ED5E00B3482B /* Assets.xcassets */; };
		B269121B2431ED5E00B3482B /* MainMenu.xib in Resources */ = {isa = PBXBuildFile; fileRef = B26912192431ED5E00B3482B /* MainMenu.xib */; };
		B26BC8332450A0460037BB85 /* XSFDoc.swift in Sources */ = {isa = PBXBuildFile; fileRef = B26BC8322450A0460037BB85 /* XSFDoc.swift */; };
		B26BC8352450AE640037BB85 /* XSFDocHandler.swift in Sources */ = {isa = PBXBuildFile; fileRef = B26BC8342450AE640037BB85 /* XSFDocHandler.swift */; };
		B2753941243228CE0006DB97 /* TabConfigurationViewCellSwitch.swift in Sources */ = {isa = PBXBuildFile; fileRef = B2753940243228CE0006DB97 /* TabConfigurationViewCellSwitch.swift */; };
		B2753943243228E10006DB97 /* TabConfigurationViewCellNumber.swift in Sources */ = {isa = PBXBuildFile; fileRef = B2753942243228E10006DB97 /* TabConfigurationViewCellNumber.swift */; };
		B2753945243228EC0006DB97 /* TabConfigurationViewCellObject.swift in Sources */ = {isa = PBXBuildFile; fileRef = B2753944243228EC0006DB97 /* TabConfigurationViewCellObject.swift */; };
		B275394924322B540006DB97 /* ColorBackgroundView.swift in Sources */ = {isa = PBXBuildFile; fileRef = B275394824322B540006DB97 /* ColorBackgroundView.swift */; };
		B28A528524333C5200904943 /* String+ReverseCamel.swift in Sources */ = {isa = PBXBuildFile; fileRef = B28A528424333C5200904943 /* String+ReverseCamel.swift */; };
		B29654B424322E9C004265F3 /* Bundle+Utilities.swift in Sources */ = {isa = PBXBuildFile; fileRef = B29654B324322E9C004265F3 /* Bundle+Utilities.swift */; };
		B29654B6243234FF004265F3 /* AppDelegate+Actions.swift in Sources */ = {isa = PBXBuildFile; fileRef = B29654B5243234FF004265F3 /* AppDelegate+Actions.swift */; };
		B29983112433A6C0009D8EA5 /* PreviewEditor+Delegate.swift in Sources */ = {isa = PBXBuildFile; fileRef = B29983102433A6C0009D8EA5 /* PreviewEditor+Delegate.swift */; };
		B29983222433BCE8009D8EA5 /* PreviewEditorSyntax.swift in Sources */ = {isa = PBXBuildFile; fileRef = B29983212433BCE8009D8EA5 /* PreviewEditorSyntax.swift */; };
		B29C14F624348F4B007A6F1F /* Cocoa.framework in Frameworks */ = {isa = PBXBuildFile; fileRef = B29C14F524348F4B007A6F1F /* Cocoa.framework */; };
		B29C14F924348F4B007A6F1F /* SourceEditorExtension.swift in Sources */ = {isa = PBXBuildFile; fileRef = B29C14F824348F4B007A6F1F /* SourceEditorExtension.swift */; };
		B29C14FB24348F4B007A6F1F /* SourceEditorCommand.swift in Sources */ = {isa = PBXBuildFile; fileRef = B29C14FA24348F4B007A6F1F /* SourceEditorCommand.swift */; };
		B29C150024348F4B007A6F1F /* X-SwiftFormat-Extension.appex in Embed App Extensions */ = {isa = PBXBuildFile; fileRef = B29C14F424348F4B007A6F1F /* X-SwiftFormat-Extension.appex */; settings = {ATTRIBUTES = (RemoveHeadersOnCopy, ); }; };
		B29C15052434902D007A6F1F /* UserDefaults+Suite.swift in Sources */ = {isa = PBXBuildFile; fileRef = B2A9C6AF24326C7800A2A83F /* UserDefaults+Suite.swift */; };
		B29C150624349037007A6F1F /* Dictionary+JSON.swift in Sources */ = {isa = PBXBuildFile; fileRef = B24992C02432402100BE4C9D /* Dictionary+JSON.swift */; };
		B29C150724349037007A6F1F /* Data+JSON.swift in Sources */ = {isa = PBXBuildFile; fileRef = B24992C22432408A00BE4C9D /* Data+JSON.swift */; };
		B29C150824349037007A6F1F /* Array+JSON.swift in Sources */ = {isa = PBXBuildFile; fileRef = B24992C4243240A100BE4C9D /* Array+JSON.swift */; };
		B29C150A243490C2007A6F1F /* SwiftFormat in Frameworks */ = {isa = PBXBuildFile; productRef = B29C1509243490C2007A6F1F /* SwiftFormat */; };
		B29C150C243490C2007A6F1F /* SwiftFormatConfiguration in Frameworks */ = {isa = PBXBuildFile; productRef = B29C150B243490C2007A6F1F /* SwiftFormatConfiguration */; };
		B29C150D24349101007A6F1F /* Configuration+Utilities.swift in Sources */ = {isa = PBXBuildFile; fileRef = B2FF55AB24339CEF00DF1DCC /* Configuration+Utilities.swift */; };
		B29C150E2434913B007A6F1F /* SwiftFormatOutputStream.swift in Sources */ = {isa = PBXBuildFile; fileRef = B24104A82432157500C36DB9 /* SwiftFormatOutputStream.swift */; };
		B2A9C6AE243267C500A2A83F /* AnimatedButton.swift in Sources */ = {isa = PBXBuildFile; fileRef = B2A9C6AD243267C500A2A83F /* AnimatedButton.swift */; };
		B2A9C6B024326C7800A2A83F /* UserDefaults+Suite.swift in Sources */ = {isa = PBXBuildFile; fileRef = B2A9C6AF24326C7800A2A83F /* UserDefaults+Suite.swift */; };
		B2A9C6B324326FA900A2A83F /* TabConfigurationView.swift in Sources */ = {isa = PBXBuildFile; fileRef = B2A9C6B224326FA900A2A83F /* TabConfigurationView.swift */; };
		B2A9C6B524326FB500A2A83F /* TabRulesView.swift in Sources */ = {isa = PBXBuildFile; fileRef = B2A9C6B424326FB500A2A83F /* TabRulesView.swift */; };
		B2C13D8724338499007A41C0 /* Colors.xcassets in Resources */ = {isa = PBXBuildFile; fileRef = B2C13D8624338499007A41C0 /* Colors.xcassets */; };
		B2C13D8A24338503007A41C0 /* PreviewWindow.swift in Sources */ = {isa = PBXBuildFile; fileRef = B2C13D8924338503007A41C0 /* PreviewWindow.swift */; };
		B2C13D8C243387C1007A41C0 /* PreviewEditor.swift in Sources */ = {isa = PBXBuildFile; fileRef = B2C13D8B243387C1007A41C0 /* PreviewEditor.swift */; };
		B2ECF6CC24328B5B00BC8466 /* TabConfigurationView+Delegate.swift in Sources */ = {isa = PBXBuildFile; fileRef = B2ECF6CB24328B5B00BC8466 /* TabConfigurationView+Delegate.swift */; };
		B2ECF6CE24328ECA00BC8466 /* TabRulesView+Delegate.swift in Sources */ = {isa = PBXBuildFile; fileRef = B2ECF6CD24328ECA00BC8466 /* TabRulesView+Delegate.swift */; };
		B2FC3126244C84FE00D7E241 /* TabOption.swift in Sources */ = {isa = PBXBuildFile; fileRef = B2FC3125244C84FE00D7E241 /* TabOption.swift */; };
		B2FC3128244C883B00D7E241 /* AppDelegate+Delegate.swift in Sources */ = {isa = PBXBuildFile; fileRef = B2FC3127244C883B00D7E241 /* AppDelegate+Delegate.swift */; };
		B2FC312C244C999900D7E241 /* AppDelegate+Menu.swift in Sources */ = {isa = PBXBuildFile; fileRef = B2FC312B244C999900D7E241 /* AppDelegate+Menu.swift */; };
		B2FF55A62433902900DF1DCC /* sample.txt in Resources */ = {isa = PBXBuildFile; fileRef = B2FF55A52433902900DF1DCC /* sample.txt */; };
		B2FF55AA2433927700DF1DCC /* PreviewEditorLayoutManager.swift in Sources */ = {isa = PBXBuildFile; fileRef = B2FF55A92433927700DF1DCC /* PreviewEditorLayoutManager.swift */; };
		B2FF55AC24339CEF00DF1DCC /* Configuration+Utilities.swift in Sources */ = {isa = PBXBuildFile; fileRef = B2FF55AB24339CEF00DF1DCC /* Configuration+Utilities.swift */; };
/* End PBXBuildFile section */

/* Begin PBXContainerItemProxy section */
		B29C14FE24348F4B007A6F1F /* PBXContainerItemProxy */ = {
			isa = PBXContainerItemProxy;
			containerPortal = B269120A2431ED5E00B3482B /* Project object */;
			proxyType = 1;
			remoteGlobalIDString = B29C14F324348F4B007A6F1F;
			remoteInfo = "X-SwiftFormat-Extension";
		};
/* End PBXContainerItemProxy section */

/* Begin PBXCopyFilesBuildPhase section */
		B24104A024320CAE00C36DB9 /* Embed Libraries */ = {
			isa = PBXCopyFilesBuildPhase;
			buildActionMask = 2147483647;
			dstPath = "";
			dstSubfolderSpec = 10;
			files = (
				B241049F24320CAE00C36DB9 /* lib_InternalSwiftSyntaxParser.dylib in Embed Libraries */,
			);
			name = "Embed Libraries";
			runOnlyForDeploymentPostprocessing = 0;
		};
		B29C150124348F4B007A6F1F /* Embed App Extensions */ = {
			isa = PBXCopyFilesBuildPhase;
			buildActionMask = 2147483647;
			dstPath = "";
			dstSubfolderSpec = 13;
			files = (
				B29C150024348F4B007A6F1F /* X-SwiftFormat-Extension.appex in Embed App Extensions */,
			);
			name = "Embed App Extensions";
			runOnlyForDeploymentPostprocessing = 0;
		};
/* End PBXCopyFilesBuildPhase section */

/* Begin PBXFileReference section */
		B241049D24320CAE00C36DB9 /* lib_InternalSwiftSyntaxParser.dylib */ = {isa = PBXFileReference; lastKnownFileType = "compiled.mach-o.dylib"; name = lib_InternalSwiftSyntaxParser.dylib; path = "X-SwiftFormat/Framework/lib_InternalSwiftSyntaxParser.dylib"; sourceTree = "<group>"; };
		B24104A224320D8F00C36DB9 /* Constants.swift */ = {isa = PBXFileReference; lastKnownFileType = sourcecode.swift; path = Constants.swift; sourceTree = "<group>"; };
		B24104A52432127E00C36DB9 /* Config.swift */ = {isa = PBXFileReference; lastKnownFileType = sourcecode.swift; path = Config.swift; sourceTree = "<group>"; };
		B24104A82432157500C36DB9 /* SwiftFormatOutputStream.swift */ = {isa = PBXFileReference; lastKnownFileType = sourcecode.swift; path = SwiftFormatOutputStream.swift; sourceTree = "<group>"; };
		B24104AA2432190A00C36DB9 /* AppIcon.swift */ = {isa = PBXFileReference; lastKnownFileType = sourcecode.swift; path = AppIcon.swift; sourceTree = "<group>"; };
		B24992C02432402100BE4C9D /* Dictionary+JSON.swift */ = {isa = PBXFileReference; lastKnownFileType = sourcecode.swift; path = "Dictionary+JSON.swift"; sourceTree = "<group>"; };
		B24992C22432408A00BE4C9D /* Data+JSON.swift */ = {isa = PBXFileReference; lastKnownFileType = sourcecode.swift; path = "Data+JSON.swift"; sourceTree = "<group>"; };
		B24992C4243240A100BE4C9D /* Array+JSON.swift */ = {isa = PBXFileReference; lastKnownFileType = sourcecode.swift; path = "Array+JSON.swift"; sourceTree = "<group>"; };
		B24C76D8243357090089E63C /* TabConfigurationViewCellDelegate.swift */ = {isa = PBXFileReference; lastKnownFileType = sourcecode.swift; path = TabConfigurationViewCellDelegate.swift; sourceTree = "<group>"; };
		B24C76DD243379FE0089E63C /* TabRulesViewCellDelegate.swift */ = {isa = PBXFileReference; lastKnownFileType = sourcecode.swift; path = TabRulesViewCellDelegate.swift; sourceTree = "<group>"; };
		B24C76DF24337A2D0089E63C /* TabRulesViewCellSwitch.swift */ = {isa = PBXFileReference; lastKnownFileType = sourcecode.swift; path = TabRulesViewCellSwitch.swift; sourceTree = "<group>"; };
		B26912122431ED5E00B3482B /* X-SwiftFormat.app */ = {isa = PBXFileReference; explicitFileType = wrapper.application; includeInIndex = 0; path = "X-SwiftFormat.app"; sourceTree = BUILT_PRODUCTS_DIR; };
		B26912152431ED5E00B3482B /* AppDelegate.swift */ = {isa = PBXFileReference; lastKnownFileType = sourcecode.swift; path = AppDelegate.swift; sourceTree = "<group>"; };
		B26912172431ED5E00B3482B /* Assets.xcassets */ = {isa = PBXFileReference; lastKnownFileType = folder.assetcatalog; path = Assets.xcassets; sourceTree = "<group>"; };
		B269121A2431ED5E00B3482B /* Base */ = {isa = PBXFileReference; lastKnownFileType = file.xib; name = Base; path = Base.lproj/MainMenu.xib; sourceTree = "<group>"; };
		B269121C2431ED5E00B3482B /* Info.plist */ = {isa = PBXFileReference; lastKnownFileType = text.plist.xml; path = Info.plist; sourceTree = "<group>"; };
		B269121D2431ED5E00B3482B /* XSwiftFormat.entitlements */ = {isa = PBXFileReference; lastKnownFileType = text.plist.entitlements; path = XSwiftFormat.entitlements; sourceTree = "<group>"; };
		B26BC8322450A0460037BB85 /* XSFDoc.swift */ = {isa = PBXFileReference; lastKnownFileType = sourcecode.swift; path = XSFDoc.swift; sourceTree = "<group>"; };
		B26BC8342450AE640037BB85 /* XSFDocHandler.swift */ = {isa = PBXFileReference; lastKnownFileType = sourcecode.swift; path = XSFDocHandler.swift; sourceTree = "<group>"; };
		B2753940243228CE0006DB97 /* TabConfigurationViewCellSwitch.swift */ = {isa = PBXFileReference; lastKnownFileType = sourcecode.swift; path = TabConfigurationViewCellSwitch.swift; sourceTree = "<group>"; };
		B2753942243228E10006DB97 /* TabConfigurationViewCellNumber.swift */ = {isa = PBXFileReference; lastKnownFileType = sourcecode.swift; path = TabConfigurationViewCellNumber.swift; sourceTree = "<group>"; };
		B2753944243228EC0006DB97 /* TabConfigurationViewCellObject.swift */ = {isa = PBXFileReference; lastKnownFileType = sourcecode.swift; path = TabConfigurationViewCellObject.swift; sourceTree = "<group>"; };
		B275394824322B540006DB97 /* ColorBackgroundView.swift */ = {isa = PBXFileReference; lastKnownFileType = sourcecode.swift; path = ColorBackgroundView.swift; sourceTree = "<group>"; };
		B28A528424333C5200904943 /* String+ReverseCamel.swift */ = {isa = PBXFileReference; lastKnownFileType = sourcecode.swift; path = "String+ReverseCamel.swift"; sourceTree = "<group>"; };
		B29654B324322E9C004265F3 /* Bundle+Utilities.swift */ = {isa = PBXFileReference; lastKnownFileType = sourcecode.swift; path = "Bundle+Utilities.swift"; sourceTree = "<group>"; };
		B29654B5243234FF004265F3 /* AppDelegate+Actions.swift */ = {isa = PBXFileReference; lastKnownFileType = sourcecode.swift; path = "AppDelegate+Actions.swift"; sourceTree = "<group>"; };
		B29983102433A6C0009D8EA5 /* PreviewEditor+Delegate.swift */ = {isa = PBXFileReference; lastKnownFileType = sourcecode.swift; path = "PreviewEditor+Delegate.swift"; sourceTree = "<group>"; };
		B29983212433BCE8009D8EA5 /* PreviewEditorSyntax.swift */ = {isa = PBXFileReference; lastKnownFileType = sourcecode.swift; path = PreviewEditorSyntax.swift; sourceTree = "<group>"; };
		B29C14F424348F4B007A6F1F /* X-SwiftFormat-Extension.appex */ = {isa = PBXFileReference; explicitFileType = "wrapper.app-extension"; includeInIndex = 0; path = "X-SwiftFormat-Extension.appex"; sourceTree = BUILT_PRODUCTS_DIR; };
		B29C14F524348F4B007A6F1F /* Cocoa.framework */ = {isa = PBXFileReference; lastKnownFileType = wrapper.framework; name = Cocoa.framework; path = System/Library/Frameworks/Cocoa.framework; sourceTree = SDKROOT; };
		B29C14F824348F4B007A6F1F /* SourceEditorExtension.swift */ = {isa = PBXFileReference; lastKnownFileType = sourcecode.swift; path = SourceEditorExtension.swift; sourceTree = "<group>"; };
		B29C14FA24348F4B007A6F1F /* SourceEditorCommand.swift */ = {isa = PBXFileReference; lastKnownFileType = sourcecode.swift; path = SourceEditorCommand.swift; sourceTree = "<group>"; };
		B29C14FC24348F4B007A6F1F /* Info.plist */ = {isa = PBXFileReference; lastKnownFileType = text.plist.xml; path = Info.plist; sourceTree = "<group>"; };
		B29C14FD24348F4B007A6F1F /* XSwiftFormatExtension.entitlements */ = {isa = PBXFileReference; lastKnownFileType = text.plist.entitlements; path = XSwiftFormatExtension.entitlements; sourceTree = "<group>"; };
		B2A9C6AD243267C500A2A83F /* AnimatedButton.swift */ = {isa = PBXFileReference; lastKnownFileType = sourcecode.swift; path = AnimatedButton.swift; sourceTree = "<group>"; };
		B2A9C6AF24326C7800A2A83F /* UserDefaults+Suite.swift */ = {isa = PBXFileReference; lastKnownFileType = sourcecode.swift; path = "UserDefaults+Suite.swift"; sourceTree = "<group>"; };
		B2A9C6B224326FA900A2A83F /* TabConfigurationView.swift */ = {isa = PBXFileReference; lastKnownFileType = sourcecode.swift; path = TabConfigurationView.swift; sourceTree = "<group>"; };
		B2A9C6B424326FB500A2A83F /* TabRulesView.swift */ = {isa = PBXFileReference; lastKnownFileType = sourcecode.swift; path = TabRulesView.swift; sourceTree = "<group>"; };
		B2C13D8624338499007A41C0 /* Colors.xcassets */ = {isa = PBXFileReference; lastKnownFileType = folder.assetcatalog; path = Colors.xcassets; sourceTree = "<group>"; };
		B2C13D8924338503007A41C0 /* PreviewWindow.swift */ = {isa = PBXFileReference; lastKnownFileType = sourcecode.swift; path = PreviewWindow.swift; sourceTree = "<group>"; };
		B2C13D8B243387C1007A41C0 /* PreviewEditor.swift */ = {isa = PBXFileReference; lastKnownFileType = sourcecode.swift; path = PreviewEditor.swift; sourceTree = "<group>"; };
		B2ECF6CB24328B5B00BC8466 /* TabConfigurationView+Delegate.swift */ = {isa = PBXFileReference; lastKnownFileType = sourcecode.swift; path = "TabConfigurationView+Delegate.swift"; sourceTree = "<group>"; };
		B2ECF6CD24328ECA00BC8466 /* TabRulesView+Delegate.swift */ = {isa = PBXFileReference; lastKnownFileType = sourcecode.swift; path = "TabRulesView+Delegate.swift"; sourceTree = "<group>"; };
		B2FC3125244C84FE00D7E241 /* TabOption.swift */ = {isa = PBXFileReference; lastKnownFileType = sourcecode.swift; path = TabOption.swift; sourceTree = "<group>"; };
		B2FC3127244C883B00D7E241 /* AppDelegate+Delegate.swift */ = {isa = PBXFileReference; lastKnownFileType = sourcecode.swift; path = "AppDelegate+Delegate.swift"; sourceTree = "<group>"; };
		B2FC312B244C999900D7E241 /* AppDelegate+Menu.swift */ = {isa = PBXFileReference; lastKnownFileType = sourcecode.swift; path = "AppDelegate+Menu.swift"; sourceTree = "<group>"; };
		B2FF55A52433902900DF1DCC /* sample.txt */ = {isa = PBXFileReference; lastKnownFileType = text; path = sample.txt; sourceTree = "<group>"; };
		B2FF55A92433927700DF1DCC /* PreviewEditorLayoutManager.swift */ = {isa = PBXFileReference; lastKnownFileType = sourcecode.swift; path = PreviewEditorLayoutManager.swift; sourceTree = "<group>"; };
		B2FF55AB24339CEF00DF1DCC /* Configuration+Utilities.swift */ = {isa = PBXFileReference; lastKnownFileType = sourcecode.swift; path = "Configuration+Utilities.swift"; sourceTree = "<group>"; };
/* End PBXFileReference section */

/* Begin PBXFrameworksBuildPhase section */
		B269120F2431ED5E00B3482B /* Frameworks */ = {
			isa = PBXFrameworksBuildPhase;
			buildActionMask = 2147483647;
			files = (
				B241049B24320B4400C36DB9 /* SwiftFormatConfiguration in Frameworks */,
				B241049E24320CAE00C36DB9 /* lib_InternalSwiftSyntaxParser.dylib in Frameworks */,
				B241049924320B4400C36DB9 /* SwiftFormat in Frameworks */,
			);
			runOnlyForDeploymentPostprocessing = 0;
		};
		B29C14F124348F4B007A6F1F /* Frameworks */ = {
			isa = PBXFrameworksBuildPhase;
			buildActionMask = 2147483647;
			files = (
				B29C14F624348F4B007A6F1F /* Cocoa.framework in Frameworks */,
				B29C150C243490C2007A6F1F /* SwiftFormatConfiguration in Frameworks */,
				B29C150A243490C2007A6F1F /* SwiftFormat in Frameworks */,
			);
			runOnlyForDeploymentPostprocessing = 0;
		};
/* End PBXFrameworksBuildPhase section */

/* Begin PBXGroup section */
		B23E1436244B14BD00373F68 /* extension */ = {
			isa = PBXGroup;
			children = (
				B29C14F824348F4B007A6F1F /* SourceEditorExtension.swift */,
			);
			path = extension;
			sourceTree = "<group>";
		};
		B23E1437244B14C700373F68 /* commands */ = {
			isa = PBXGroup;
			children = (
				B29C14FA24348F4B007A6F1F /* SourceEditorCommand.swift */,
			);
			path = commands;
			sourceTree = "<group>";
		};
		B241049C24320CAE00C36DB9 /* Frameworks */ = {
			isa = PBXGroup;
			children = (
				B241049D24320CAE00C36DB9 /* lib_InternalSwiftSyntaxParser.dylib */,
				B29C14F524348F4B007A6F1F /* Cocoa.framework */,
			);
			name = Frameworks;
			sourceTree = "<group>";
		};
		B24104A124320D7B00C36DB9 /* config */ = {
			isa = PBXGroup;
			children = (
				B24104A224320D8F00C36DB9 /* Constants.swift */,
				B24104A52432127E00C36DB9 /* Config.swift */,
			);
			path = config;
			sourceTree = "<group>";
		};
		B24104A424320E1A00C36DB9 /* app */ = {
			isa = PBXGroup;
			children = (
				B26912152431ED5E00B3482B /* AppDelegate.swift */,
				B24104AA2432190A00C36DB9 /* AppIcon.swift */,
				B29654B5243234FF004265F3 /* AppDelegate+Actions.swift */,
				B2FC3127244C883B00D7E241 /* AppDelegate+Delegate.swift */,
				B2FC312B244C999900D7E241 /* AppDelegate+Menu.swift */,
			);
			path = app;
			sourceTree = "<group>";
		};
		B24104A72432156100C36DB9 /* output */ = {
			isa = PBXGroup;
			children = (
				B24104A82432157500C36DB9 /* SwiftFormatOutputStream.swift */,
			);
			path = output;
			sourceTree = "<group>";
		};
		B24C76DA2433747D0089E63C /* configuration */ = {
			isa = PBXGroup;
			children = (
				B2A9C6B224326FA900A2A83F /* TabConfigurationView.swift */,
				B2ECF6CB24328B5B00BC8466 /* TabConfigurationView+Delegate.swift */,
				B275393D243228490006DB97 /* cell */,
			);
			path = configuration;
			sourceTree = "<group>";
		};
		B24C76DB243374850089E63C /* rules */ = {
			isa = PBXGroup;
			children = (
				B24C76DC243379DC0089E63C /* cell */,
				B2A9C6B424326FB500A2A83F /* TabRulesView.swift */,
				B2ECF6CD24328ECA00BC8466 /* TabRulesView+Delegate.swift */,
			);
			path = rules;
			sourceTree = "<group>";
		};
		B24C76DC243379DC0089E63C /* cell */ = {
			isa = PBXGroup;
			children = (
				B24C76DD243379FE0089E63C /* TabRulesViewCellDelegate.swift */,
				B24C76DF24337A2D0089E63C /* TabRulesViewCellSwitch.swift */,
			);
			path = cell;
			sourceTree = "<group>";
		};
		B26912092431ED5E00B3482B = {
			isa = PBXGroup;
			children = (
				B26912142431ED5E00B3482B /* X-SwiftFormat */,
				B29C14F724348F4B007A6F1F /* X-SwiftFormat-Extension */,
				B26912132431ED5E00B3482B /* Products */,
				B241049C24320CAE00C36DB9 /* Frameworks */,
			);
			sourceTree = "<group>";
		};
		B26912132431ED5E00B3482B /* Products */ = {
			isa = PBXGroup;
			children = (
				B26912122431ED5E00B3482B /* X-SwiftFormat.app */,
				B29C14F424348F4B007A6F1F /* X-SwiftFormat-Extension.appex */,
			);
			name = Products;
			sourceTree = "<group>";
		};
		B26912142431ED5E00B3482B /* X-SwiftFormat */ = {
			isa = PBXGroup;
			children = (
				B2C13D8624338499007A41C0 /* Colors.xcassets */,
				B26912172431ED5E00B3482B /* Assets.xcassets */,
				B26912262431EDBC00B3482B /* Xib */,
				B26912252431EDAE00B3482B /* Supporting Files */,
				B26912242431EDA700B3482B /* Source */,
			);
			path = "X-SwiftFormat";
			sourceTree = "<group>";
		};
		B26912242431EDA700B3482B /* Source */ = {
			isa = PBXGroup;
			children = (
				B26BC8312450A0370037BB85 /* doc */,
				B29654B224322E90004265F3 /* extensions */,
				B275394724322B340006DB97 /* generic */,
				B2753946243229C50006DB97 /* window */,
				B24104A72432156100C36DB9 /* output */,
				B24104A424320E1A00C36DB9 /* app */,
				B24104A124320D7B00C36DB9 /* config */,
			);
			path = Source;
			sourceTree = "<group>";
		};
		B26912252431EDAE00B3482B /* Supporting Files */ = {
			isa = PBXGroup;
			children = (
				B269121C2431ED5E00B3482B /* Info.plist */,
				B269121D2431ED5E00B3482B /* XSwiftFormat.entitlements */,
				B2FF55A52433902900DF1DCC /* sample.txt */,
			);
			name = "Supporting Files";
			sourceTree = "<group>";
		};
		B26912262431EDBC00B3482B /* Xib */ = {
			isa = PBXGroup;
			children = (
				B26912192431ED5E00B3482B /* MainMenu.xib */,
			);
			name = Xib;
			sourceTree = "<group>";
		};
		B26BC8312450A0370037BB85 /* doc */ = {
			isa = PBXGroup;
			children = (
				B26BC8322450A0460037BB85 /* XSFDoc.swift */,
				B26BC8342450AE640037BB85 /* XSFDocHandler.swift */,
			);
			path = doc;
			sourceTree = "<group>";
		};
		B275393D243228490006DB97 /* cell */ = {
			isa = PBXGroup;
			children = (
				B24C76D8243357090089E63C /* TabConfigurationViewCellDelegate.swift */,
				B2753942243228E10006DB97 /* TabConfigurationViewCellNumber.swift */,
				B2753940243228CE0006DB97 /* TabConfigurationViewCellSwitch.swift */,
				B2753944243228EC0006DB97 /* TabConfigurationViewCellObject.swift */,
			);
			path = cell;
			sourceTree = "<group>";
		};
		B2753946243229C50006DB97 /* window */ = {
			isa = PBXGroup;
			children = (
				B2C13D88243384E1007A41C0 /* preview */,
				B2A9C6B124326F9600A2A83F /* tabs */,
			);
			path = window;
			sourceTree = "<group>";
		};
		B275394724322B340006DB97 /* generic */ = {
			isa = PBXGroup;
			children = (
				B275394824322B540006DB97 /* ColorBackgroundView.swift */,
				B2A9C6AD243267C500A2A83F /* AnimatedButton.swift */,
			);
			path = generic;
			sourceTree = "<group>";
		};
		B29654B224322E90004265F3 /* extensions */ = {
			isa = PBXGroup;
			children = (
				B29654B324322E9C004265F3 /* Bundle+Utilities.swift */,
				B24992C02432402100BE4C9D /* Dictionary+JSON.swift */,
				B24992C22432408A00BE4C9D /* Data+JSON.swift */,
				B24992C4243240A100BE4C9D /* Array+JSON.swift */,
				B2A9C6AF24326C7800A2A83F /* UserDefaults+Suite.swift */,
				B28A528424333C5200904943 /* String+ReverseCamel.swift */,
				B2FF55AB24339CEF00DF1DCC /* Configuration+Utilities.swift */,
			);
			path = extensions;
			sourceTree = "<group>";
		};
		B29C14F724348F4B007A6F1F /* X-SwiftFormat-Extension */ = {
			isa = PBXGroup;
			children = (
				B29C1510243493FB007A6F1F /* Supporting Files */,
				B29C150F243493F3007A6F1F /* Source */,
			);
			path = "X-SwiftFormat-Extension";
			sourceTree = "<group>";
		};
		B29C150F243493F3007A6F1F /* Source */ = {
			isa = PBXGroup;
			children = (
				B23E1437244B14C700373F68 /* commands */,
				B23E1436244B14BD00373F68 /* extension */,
			);
			path = Source;
			sourceTree = "<group>";
		};
		B29C1510243493FB007A6F1F /* Supporting Files */ = {
			isa = PBXGroup;
			children = (
				B29C14FC24348F4B007A6F1F /* Info.plist */,
				B29C14FD24348F4B007A6F1F /* XSwiftFormatExtension.entitlements */,
			);
			name = "Supporting Files";
			sourceTree = "<group>";
		};
		B2A9C6B124326F9600A2A83F /* tabs */ = {
			isa = PBXGroup;
			children = (
				B2FC3125244C84FE00D7E241 /* TabOption.swift */,
				B24C76DA2433747D0089E63C /* configuration */,
				B24C76DB243374850089E63C /* rules */,
			);
			path = tabs;
			sourceTree = "<group>";
		};
		B2C13D88243384E1007A41C0 /* preview */ = {
			isa = PBXGroup;
			children = (
				B2C13D8924338503007A41C0 /* PreviewWindow.swift */,
				B2C13D8B243387C1007A41C0 /* PreviewEditor.swift */,
				B29983102433A6C0009D8EA5 /* PreviewEditor+Delegate.swift */,
				B2FF55A92433927700DF1DCC /* PreviewEditorLayoutManager.swift */,
				B29983212433BCE8009D8EA5 /* PreviewEditorSyntax.swift */,
			);
			path = preview;
			sourceTree = "<group>";
		};
/* End PBXGroup section */

/* Begin PBXNativeTarget section */
		B26912112431ED5E00B3482B /* X-SwiftFormat */ = {
			isa = PBXNativeTarget;
			buildConfigurationList = B26912202431ED5E00B3482B /* Build configuration list for PBXNativeTarget "X-SwiftFormat" */;
			buildPhases = (
				B269120E2431ED5E00B3482B /* Sources */,
				B269120F2431ED5E00B3482B /* Frameworks */,
				B26912102431ED5E00B3482B /* Resources */,
				B24104A024320CAE00C36DB9 /* Embed Libraries */,
				B29C150124348F4B007A6F1F /* Embed App Extensions */,
				B26912232431ED7000B3482B /* Run Script (SwiftLint) */,
			);
			buildRules = (
			);
			dependencies = (
				B29C14FF24348F4B007A6F1F /* PBXTargetDependency */,
			);
			name = "X-SwiftFormat";
			packageProductDependencies = (
				B241049824320B4400C36DB9 /* SwiftFormat */,
				B241049A24320B4400C36DB9 /* SwiftFormatConfiguration */,
			);
			productName = "X-SwiftFormat";
			productReference = B26912122431ED5E00B3482B /* X-SwiftFormat.app */;
			productType = "com.apple.product-type.application";
		};
		B29C14F324348F4B007A6F1F /* X-SwiftFormat-Extension */ = {
			isa = PBXNativeTarget;
			buildConfigurationList = B29C150424348F4B007A6F1F /* Build configuration list for PBXNativeTarget "X-SwiftFormat-Extension" */;
			buildPhases = (
				B29C14F024348F4B007A6F1F /* Sources */,
				B29C14F124348F4B007A6F1F /* Frameworks */,
				B29C14F224348F4B007A6F1F /* Resources */,
			);
			buildRules = (
			);
			dependencies = (
			);
			name = "X-SwiftFormat-Extension";
			packageProductDependencies = (
				B29C1509243490C2007A6F1F /* SwiftFormat */,
				B29C150B243490C2007A6F1F /* SwiftFormatConfiguration */,
			);
			productName = "X-SwiftFormat-Extension";
			productReference = B29C14F424348F4B007A6F1F /* X-SwiftFormat-Extension.appex */;
			productType = "com.apple.product-type.xcode-extension";
		};
/* End PBXNativeTarget section */

/* Begin PBXProject section */
		B269120A2431ED5E00B3482B /* Project object */ = {
			isa = PBXProject;
			attributes = {
				LastSwiftUpdateCheck = 1130;
				LastUpgradeCheck = 1140;
				ORGANIZATIONNAME = "Rui Aureliano";
				TargetAttributes = {
					B26912112431ED5E00B3482B = {
						CreatedOnToolsVersion = 11.4;
					};
					B29C14F324348F4B007A6F1F = {
						CreatedOnToolsVersion = 11.3.1;
					};
				};
			};
			buildConfigurationList = B269120D2431ED5E00B3482B /* Build configuration list for PBXProject "X-SwiftFormat" */;
			compatibilityVersion = "Xcode 9.3";
			developmentRegion = en;
			hasScannedForEncodings = 0;
			knownRegions = (
				en,
				Base,
			);
			mainGroup = B26912092431ED5E00B3482B;
			packageReferences = (
				B241049724320B4400C36DB9 /* XCRemoteSwiftPackageReference "swift-format" */,
			);
			productRefGroup = B26912132431ED5E00B3482B /* Products */;
			projectDirPath = "";
			projectRoot = "";
			targets = (
				B26912112431ED5E00B3482B /* X-SwiftFormat */,
				B29C14F324348F4B007A6F1F /* X-SwiftFormat-Extension */,
			);
		};
/* End PBXProject section */

/* Begin PBXResourcesBuildPhase section */
		B26912102431ED5E00B3482B /* Resources */ = {
			isa = PBXResourcesBuildPhase;
			buildActionMask = 2147483647;
			files = (
				B2C13D8724338499007A41C0 /* Colors.xcassets in Resources */,
				B26912182431ED5E00B3482B /* Assets.xcassets in Resources */,
				B2FF55A62433902900DF1DCC /* sample.txt in Resources */,
				B269121B2431ED5E00B3482B /* MainMenu.xib in Resources */,
			);
			runOnlyForDeploymentPostprocessing = 0;
		};
		B29C14F224348F4B007A6F1F /* Resources */ = {
			isa = PBXResourcesBuildPhase;
			buildActionMask = 2147483647;
			files = (
			);
			runOnlyForDeploymentPostprocessing = 0;
		};
/* End PBXResourcesBuildPhase section */

/* Begin PBXShellScriptBuildPhase section */
		B26912232431ED7000B3482B /* Run Script (SwiftLint) */ = {
			isa = PBXShellScriptBuildPhase;
			buildActionMask = 2147483647;
			files = (
			);
			inputFileListPaths = (
			);
			inputPaths = (
			);
			name = "Run Script (SwiftLint)";
			outputFileListPaths = (
			);
			outputPaths = (
			);
			runOnlyForDeploymentPostprocessing = 0;
			shellPath = /bin/sh;
			shellScript = "if which swiftlint >/dev/null; then\n\tswiftlint\nelse\n\techo \"warning: SwiftLint not installed, download from https://github.com/realm/SwiftLint\"\nfi\n";
		};
/* End PBXShellScriptBuildPhase section */

/* Begin PBXSourcesBuildPhase section */
		B269120E2431ED5E00B3482B /* Sources */ = {
			isa = PBXSourcesBuildPhase;
			buildActionMask = 2147483647;
			files = (
				B2FC3126244C84FE00D7E241 /* TabOption.swift in Sources */,
				B275394924322B540006DB97 /* ColorBackgroundView.swift in Sources */,
				B2C13D8C243387C1007A41C0 /* PreviewEditor.swift in Sources */,
				B24104AB2432190A00C36DB9 /* AppIcon.swift in Sources */,
				B29654B6243234FF004265F3 /* AppDelegate+Actions.swift in Sources */,
				B2ECF6CC24328B5B00BC8466 /* TabConfigurationView+Delegate.swift in Sources */,
				B2FF55AA2433927700DF1DCC /* PreviewEditorLayoutManager.swift in Sources */,
				B2FC3128244C883B00D7E241 /* AppDelegate+Delegate.swift in Sources */,
				B2A9C6B324326FA900A2A83F /* TabConfigurationView.swift in Sources */,
				B24992C5243240A100BE4C9D /* Array+JSON.swift in Sources */,
				B24C76DE243379FE0089E63C /* TabRulesViewCellDelegate.swift in Sources */,
				B24992C12432402100BE4C9D /* Dictionary+JSON.swift in Sources */,
				B29654B424322E9C004265F3 /* Bundle+Utilities.swift in Sources */,
				B29983112433A6C0009D8EA5 /* PreviewEditor+Delegate.swift in Sources */,
				B2FF55AC24339CEF00DF1DCC /* Configuration+Utilities.swift in Sources */,
				B26912162431ED5E00B3482B /* AppDelegate.swift in Sources */,
				B2ECF6CE24328ECA00BC8466 /* TabRulesView+Delegate.swift in Sources */,
				B24104A324320D8F00C36DB9 /* Constants.swift in Sources */,
				B2C13D8A24338503007A41C0 /* PreviewWindow.swift in Sources */,
				B28A528524333C5200904943 /* String+ReverseCamel.swift in Sources */,
				B26BC8332450A0460037BB85 /* XSFDoc.swift in Sources */,
				B29983222433BCE8009D8EA5 /* PreviewEditorSyntax.swift in Sources */,
				B2FC312C244C999900D7E241 /* AppDelegate+Menu.swift in Sources */,
				B2753945243228EC0006DB97 /* TabConfigurationViewCellObject.swift in Sources */,
				B24992C32432408A00BE4C9D /* Data+JSON.swift in Sources */,
				B2753943243228E10006DB97 /* TabConfigurationViewCellNumber.swift in Sources */,
				B2A9C6B524326FB500A2A83F /* TabRulesView.swift in Sources */,
				B24104A62432127E00C36DB9 /* Config.swift in Sources */,
				B26BC8352450AE640037BB85 /* XSFDocHandler.swift in Sources */,
				B24104A92432157500C36DB9 /* SwiftFormatOutputStream.swift in Sources */,
				B2753941243228CE0006DB97 /* TabConfigurationViewCellSwitch.swift in Sources */,
				B24C76D9243357090089E63C /* TabConfigurationViewCellDelegate.swift in Sources */,
				B2A9C6AE243267C500A2A83F /* AnimatedButton.swift in Sources */,
				B24C76E024337A2D0089E63C /* TabRulesViewCellSwitch.swift in Sources */,
				B2A9C6B024326C7800A2A83F /* UserDefaults+Suite.swift in Sources */,
			);
			runOnlyForDeploymentPostprocessing = 0;
		};
		B29C14F024348F4B007A6F1F /* Sources */ = {
			isa = PBXSourcesBuildPhase;
			buildActionMask = 2147483647;
			files = (
				B29C14F924348F4B007A6F1F /* SourceEditorExtension.swift in Sources */,
				B29C150824349037007A6F1F /* Array+JSON.swift in Sources */,
				B29C150724349037007A6F1F /* Data+JSON.swift in Sources */,
				B29C150E2434913B007A6F1F /* SwiftFormatOutputStream.swift in Sources */,
				B29C14FB24348F4B007A6F1F /* SourceEditorCommand.swift in Sources */,
				B29C150D24349101007A6F1F /* Configuration+Utilities.swift in Sources */,
				B29C15052434902D007A6F1F /* UserDefaults+Suite.swift in Sources */,
				B29C150624349037007A6F1F /* Dictionary+JSON.swift in Sources */,
			);
			runOnlyForDeploymentPostprocessing = 0;
		};
/* End PBXSourcesBuildPhase section */

/* Begin PBXTargetDependency section */
		B29C14FF24348F4B007A6F1F /* PBXTargetDependency */ = {
			isa = PBXTargetDependency;
			target = B29C14F324348F4B007A6F1F /* X-SwiftFormat-Extension */;
			targetProxy = B29C14FE24348F4B007A6F1F /* PBXContainerItemProxy */;
		};
/* End PBXTargetDependency section */

/* Begin PBXVariantGroup section */
		B26912192431ED5E00B3482B /* MainMenu.xib */ = {
			isa = PBXVariantGroup;
			children = (
				B269121A2431ED5E00B3482B /* Base */,
			);
			name = MainMenu.xib;
			sourceTree = "<group>";
		};
/* End PBXVariantGroup section */

/* Begin XCBuildConfiguration section */
		B269121E2431ED5E00B3482B /* Debug */ = {
			isa = XCBuildConfiguration;
			buildSettings = {
				ALWAYS_SEARCH_USER_PATHS = NO;
				CLANG_ANALYZER_NONNULL = YES;
				CLANG_ANALYZER_NUMBER_OBJECT_CONVERSION = YES_AGGRESSIVE;
				CLANG_CXX_LANGUAGE_STANDARD = "gnu++14";
				CLANG_CXX_LIBRARY = "libc++";
				CLANG_ENABLE_MODULES = YES;
				CLANG_ENABLE_OBJC_ARC = YES;
				CLANG_ENABLE_OBJC_WEAK = YES;
				CLANG_WARN_BLOCK_CAPTURE_AUTORELEASING = YES;
				CLANG_WARN_BOOL_CONVERSION = YES;
				CLANG_WARN_COMMA = YES;
				CLANG_WARN_CONSTANT_CONVERSION = YES;
				CLANG_WARN_DEPRECATED_OBJC_IMPLEMENTATIONS = YES;
				CLANG_WARN_DIRECT_OBJC_ISA_USAGE = YES_ERROR;
				CLANG_WARN_DOCUMENTATION_COMMENTS = YES;
				CLANG_WARN_EMPTY_BODY = YES;
				CLANG_WARN_ENUM_CONVERSION = YES;
				CLANG_WARN_INFINITE_RECURSION = YES;
				CLANG_WARN_INT_CONVERSION = YES;
				CLANG_WARN_NON_LITERAL_NULL_CONVERSION = YES;
				CLANG_WARN_OBJC_IMPLICIT_RETAIN_SELF = YES;
				CLANG_WARN_OBJC_LITERAL_CONVERSION = YES;
				CLANG_WARN_OBJC_ROOT_CLASS = YES_ERROR;
				CLANG_WARN_RANGE_LOOP_ANALYSIS = YES;
				CLANG_WARN_STRICT_PROTOTYPES = YES;
				CLANG_WARN_SUSPICIOUS_MOVE = YES;
				CLANG_WARN_UNGUARDED_AVAILABILITY = YES_AGGRESSIVE;
				CLANG_WARN_UNREACHABLE_CODE = YES;
				CLANG_WARN__DUPLICATE_METHOD_MATCH = YES;
				COPY_PHASE_STRIP = NO;
				DEBUG_INFORMATION_FORMAT = dwarf;
				ENABLE_STRICT_OBJC_MSGSEND = YES;
				ENABLE_TESTABILITY = YES;
				GCC_C_LANGUAGE_STANDARD = gnu11;
				GCC_DYNAMIC_NO_PIC = NO;
				GCC_NO_COMMON_BLOCKS = YES;
				GCC_OPTIMIZATION_LEVEL = 0;
				GCC_PREPROCESSOR_DEFINITIONS = (
					"DEBUG=1",
					"$(inherited)",
				);
				GCC_WARN_64_TO_32_BIT_CONVERSION = YES;
				GCC_WARN_ABOUT_RETURN_TYPE = YES_ERROR;
				GCC_WARN_UNDECLARED_SELECTOR = YES;
				GCC_WARN_UNINITIALIZED_AUTOS = YES_AGGRESSIVE;
				GCC_WARN_UNUSED_FUNCTION = YES;
				GCC_WARN_UNUSED_VARIABLE = YES;
				MACOSX_DEPLOYMENT_TARGET = 10.15;
				MTL_ENABLE_DEBUG_INFO = INCLUDE_SOURCE;
				MTL_FAST_MATH = YES;
				ONLY_ACTIVE_ARCH = YES;
				SDKROOT = macosx;
				SWIFT_ACTIVE_COMPILATION_CONDITIONS = DEBUG;
				SWIFT_OPTIMIZATION_LEVEL = "-Onone";
			};
			name = Debug;
		};
		B269121F2431ED5E00B3482B /* Release */ = {
			isa = XCBuildConfiguration;
			buildSettings = {
				ALWAYS_SEARCH_USER_PATHS = NO;
				CLANG_ANALYZER_NONNULL = YES;
				CLANG_ANALYZER_NUMBER_OBJECT_CONVERSION = YES_AGGRESSIVE;
				CLANG_CXX_LANGUAGE_STANDARD = "gnu++14";
				CLANG_CXX_LIBRARY = "libc++";
				CLANG_ENABLE_MODULES = YES;
				CLANG_ENABLE_OBJC_ARC = YES;
				CLANG_ENABLE_OBJC_WEAK = YES;
				CLANG_WARN_BLOCK_CAPTURE_AUTORELEASING = YES;
				CLANG_WARN_BOOL_CONVERSION = YES;
				CLANG_WARN_COMMA = YES;
				CLANG_WARN_CONSTANT_CONVERSION = YES;
				CLANG_WARN_DEPRECATED_OBJC_IMPLEMENTATIONS = YES;
				CLANG_WARN_DIRECT_OBJC_ISA_USAGE = YES_ERROR;
				CLANG_WARN_DOCUMENTATION_COMMENTS = YES;
				CLANG_WARN_EMPTY_BODY = YES;
				CLANG_WARN_ENUM_CONVERSION = YES;
				CLANG_WARN_INFINITE_RECURSION = YES;
				CLANG_WARN_INT_CONVERSION = YES;
				CLANG_WARN_NON_LITERAL_NULL_CONVERSION = YES;
				CLANG_WARN_OBJC_IMPLICIT_RETAIN_SELF = YES;
				CLANG_WARN_OBJC_LITERAL_CONVERSION = YES;
				CLANG_WARN_OBJC_ROOT_CLASS = YES_ERROR;
				CLANG_WARN_RANGE_LOOP_ANALYSIS = YES;
				CLANG_WARN_STRICT_PROTOTYPES = YES;
				CLANG_WARN_SUSPICIOUS_MOVE = YES;
				CLANG_WARN_UNGUARDED_AVAILABILITY = YES_AGGRESSIVE;
				CLANG_WARN_UNREACHABLE_CODE = YES;
				CLANG_WARN__DUPLICATE_METHOD_MATCH = YES;
				COPY_PHASE_STRIP = NO;
				DEBUG_INFORMATION_FORMAT = "dwarf-with-dsym";
				ENABLE_NS_ASSERTIONS = NO;
				ENABLE_STRICT_OBJC_MSGSEND = YES;
				GCC_C_LANGUAGE_STANDARD = gnu11;
				GCC_NO_COMMON_BLOCKS = YES;
				GCC_WARN_64_TO_32_BIT_CONVERSION = YES;
				GCC_WARN_ABOUT_RETURN_TYPE = YES_ERROR;
				GCC_WARN_UNDECLARED_SELECTOR = YES;
				GCC_WARN_UNINITIALIZED_AUTOS = YES_AGGRESSIVE;
				GCC_WARN_UNUSED_FUNCTION = YES;
				GCC_WARN_UNUSED_VARIABLE = YES;
				MACOSX_DEPLOYMENT_TARGET = 10.15;
				MTL_ENABLE_DEBUG_INFO = NO;
				MTL_FAST_MATH = YES;
				SDKROOT = macosx;
				SWIFT_COMPILATION_MODE = wholemodule;
				SWIFT_OPTIMIZATION_LEVEL = "-O";
			};
			name = Release;
		};
		B26912212431ED5E00B3482B /* Debug */ = {
			isa = XCBuildConfiguration;
			buildSettings = {
				ALWAYS_EMBED_SWIFT_STANDARD_LIBRARIES = YES;
				ASSETCATALOG_COMPILER_APPICON_NAME = AppIcon;
				CODE_SIGN_ENTITLEMENTS = "X-SwiftFormat/XSwiftFormat.entitlements";
				CODE_SIGN_STYLE = Automatic;
				COMBINE_HIDPI_IMAGES = YES;
				CURRENT_PROJECT_VERSION = 200427;
				DEVELOPMENT_TEAM = TQWQC67C6D;
				ENABLE_HARDENED_RUNTIME = YES;
				FRAMEWORK_SEARCH_PATHS = (
					"$(inherited)",
					"$(PROJECT_DIR)/X-SwiftFormat/Framework",
				);
				INFOPLIST_FILE = "X-SwiftFormat/Info.plist";
				LD_RUNPATH_SEARCH_PATHS = (
					"$(inherited)",
					"@executable_path/../Frameworks",
				);
				LIBRARY_SEARCH_PATHS = (
					"$(inherited)",
					"$(PROJECT_DIR)/X-SwiftFormat/Framework",
				);
				MARKETING_VERSION = 1.0;
				PRODUCT_BUNDLE_IDENTIFIER = com.ruiaureliano.xswiftformat;
				PRODUCT_NAME = "$(TARGET_NAME)";
				SWIFT_VERSION = 5.0;
			};
			name = Debug;
		};
		B26912222431ED5E00B3482B /* Release */ = {
			isa = XCBuildConfiguration;
			buildSettings = {
				ALWAYS_EMBED_SWIFT_STANDARD_LIBRARIES = YES;
				ASSETCATALOG_COMPILER_APPICON_NAME = AppIcon;
				CODE_SIGN_ENTITLEMENTS = "X-SwiftFormat/XSwiftFormat.entitlements";
				CODE_SIGN_STYLE = Automatic;
				COMBINE_HIDPI_IMAGES = YES;
				CURRENT_PROJECT_VERSION = 200427;
				DEVELOPMENT_TEAM = TQWQC67C6D;
				ENABLE_HARDENED_RUNTIME = YES;
				FRAMEWORK_SEARCH_PATHS = (
					"$(inherited)",
					"$(PROJECT_DIR)/X-SwiftFormat/Framework",
				);
				INFOPLIST_FILE = "X-SwiftFormat/Info.plist";
				LD_RUNPATH_SEARCH_PATHS = (
					"$(inherited)",
					"@executable_path/../Frameworks",
				);
				LIBRARY_SEARCH_PATHS = (
					"$(inherited)",
					"$(PROJECT_DIR)/X-SwiftFormat/Framework",
				);
				MARKETING_VERSION = 1.0;
				PRODUCT_BUNDLE_IDENTIFIER = com.ruiaureliano.xswiftformat;
				PRODUCT_NAME = "$(TARGET_NAME)";
				SWIFT_VERSION = 5.0;
			};
			name = Release;
		};
		B29C150224348F4B007A6F1F /* Debug */ = {
			isa = XCBuildConfiguration;
			buildSettings = {
				CODE_SIGN_ENTITLEMENTS = "X-SwiftFormat-Extension/XSwiftFormatExtension.entitlements";
				CODE_SIGN_STYLE = Automatic;
				COMBINE_HIDPI_IMAGES = YES;
				CURRENT_PROJECT_VERSION = 200427;
				DEVELOPMENT_TEAM = TQWQC67C6D;
				ENABLE_HARDENED_RUNTIME = YES;
				INFOPLIST_FILE = "X-SwiftFormat-Extension/Info.plist";
				LD_RUNPATH_SEARCH_PATHS = (
					"$(inherited)",
					"@executable_path/../Frameworks",
					"@executable_path/../../../../Frameworks",
				);
				MARKETING_VERSION = 1.0;
				PRODUCT_BUNDLE_IDENTIFIER = com.ruiaureliano.xswiftformat.extension;
				PRODUCT_NAME = "$(TARGET_NAME)";
				SKIP_INSTALL = YES;
				SWIFT_VERSION = 5.0;
			};
			name = Debug;
		};
		B29C150324348F4B007A6F1F /* Release */ = {
			isa = XCBuildConfiguration;
			buildSettings = {
				CODE_SIGN_ENTITLEMENTS = "X-SwiftFormat-Extension/XSwiftFormatExtension.entitlements";
				CODE_SIGN_STYLE = Automatic;
				COMBINE_HIDPI_IMAGES = YES;
				CURRENT_PROJECT_VERSION = 200427;
				DEVELOPMENT_TEAM = TQWQC67C6D;
				ENABLE_HARDENED_RUNTIME = YES;
				INFOPLIST_FILE = "X-SwiftFormat-Extension/Info.plist";
				LD_RUNPATH_SEARCH_PATHS = (
					"$(inherited)",
					"@executable_path/../Frameworks",
					"@executable_path/../../../../Frameworks",
				);
				MARKETING_VERSION = 1.0;
				PRODUCT_BUNDLE_IDENTIFIER = com.ruiaureliano.xswiftformat.extension;
				PRODUCT_NAME = "$(TARGET_NAME)";
				SKIP_INSTALL = YES;
				SWIFT_VERSION = 5.0;
			};
			name = Release;
		};
/* End XCBuildConfiguration section */

/* Begin XCConfigurationList section */
		B269120D2431ED5E00B3482B /* Build configuration list for PBXProject "X-SwiftFormat" */ = {
			isa = XCConfigurationList;
			buildConfigurations = (
				B269121E2431ED5E00B3482B /* Debug */,
				B269121F2431ED5E00B3482B /* Release */,
			);
			defaultConfigurationIsVisible = 0;
			defaultConfigurationName = Release;
		};
		B26912202431ED5E00B3482B /* Build configuration list for PBXNativeTarget "X-SwiftFormat" */ = {
			isa = XCConfigurationList;
			buildConfigurations = (
				B26912212431ED5E00B3482B /* Debug */,
				B26912222431ED5E00B3482B /* Release */,
			);
			defaultConfigurationIsVisible = 0;
			defaultConfigurationName = Release;
		};
		B29C150424348F4B007A6F1F /* Build configuration list for PBXNativeTarget "X-SwiftFormat-Extension" */ = {
			isa = XCConfigurationList;
			buildConfigurations = (
				B29C150224348F4B007A6F1F /* Debug */,
				B29C150324348F4B007A6F1F /* Release */,
			);
			defaultConfigurationIsVisible = 0;
			defaultConfigurationName = Release;
		};
/* End XCConfigurationList section */

/* Begin XCRemoteSwiftPackageReference section */
		B241049724320B4400C36DB9 /* XCRemoteSwiftPackageReference "swift-format" */ = {
			isa = XCRemoteSwiftPackageReference;
			repositoryURL = "https://github.com/apple/swift-format";
			requirement = {
				branch = master;
				kind = branch;
			};
		};
/* End XCRemoteSwiftPackageReference section */

/* Begin XCSwiftPackageProductDependency section */
		B241049824320B4400C36DB9 /* SwiftFormat */ = {
			isa = XCSwiftPackageProductDependency;
			package = B241049724320B4400C36DB9 /* XCRemoteSwiftPackageReference "swift-format" */;
			productName = SwiftFormat;
		};
		B241049A24320B4400C36DB9 /* SwiftFormatConfiguration */ = {
			isa = XCSwiftPackageProductDependency;
			package = B241049724320B4400C36DB9 /* XCRemoteSwiftPackageReference "swift-format" */;
			productName = SwiftFormatConfiguration;
		};
		B29C1509243490C2007A6F1F /* SwiftFormat */ = {
			isa = XCSwiftPackageProductDependency;
			package = B241049724320B4400C36DB9 /* XCRemoteSwiftPackageReference "swift-format" */;
			productName = SwiftFormat;
		};
		B29C150B243490C2007A6F1F /* SwiftFormatConfiguration */ = {
			isa = XCSwiftPackageProductDependency;
			package = B241049724320B4400C36DB9 /* XCRemoteSwiftPackageReference "swift-format" */;
			productName = SwiftFormatConfiguration;
		};
/* End XCSwiftPackageProductDependency section */
	};
	rootObject = B269120A2431ED5E00B3482B /* Project object */;
}
